{
  "name": "@nmt3325/desktop-mcp-host",
  "version": "0.1.0",
  "lockfileVersion": 3,
  "requires": true,
  "packages": {
    "": {
      "name": "@nmt3325/desktop-mcp-host",
      "version": "0.1.0",
      "bin": {
        "desktop-mcp-host": "cli.mjs"
      },
      "engines": {
        "node": ">=20"
      }
    }
  }
}
